{
  "name": "test",
  "lockfileVersion": 2,
  "requires": true,
  "packages": {
    "": {
      "dependencies": {
        "dotenv": "^16.0.3",
        "google-sheet-database": "^1.0.1"
      }
    },
    "node_modules/dotenv": {
      "version": "16.0.3",
      "resolved": "https://registry.npmjs.org/dotenv/-/dotenv-16.0.3.tgz",
      "integrity": "sha512-7GO6HghkA5fYG9TYnNxi14/7K9f5occMlp3zXAuSxn7CKCxt9xbNWG7yF8hTCSUchlfWSe3uLmlPfigevRItzQ==",
      "engines": {
        "node": ">=12"
      }
    },
    "node_modules/google-sheet-database": {
      "version": "1.0.1",
      "resolved": "https://registry.npmjs.org/google-sheet-database/-/google-sheet-database-1.0.1.tgz",
      "integrity": "sha512-aRx6g2ygNSQviULQDz0rXVkB+iKIhCWyWr4rzIt0EXPTHmHA6CuFcZgrT2Ko8wy8YNXOIaWqHVkTYzmXe7xHBw=="
    }
  },
  "dependencies": {
    "dotenv": {
      "version": "16.0.3",
      "resolved": "https://registry.npmjs.org/dotenv/-/dotenv-16.0.3.tgz",
      "integrity": "sha512-7GO6HghkA5fYG9TYnNxi14/7K9f5occMlp3zXAuSxn7CKCxt9xbNWG7yF8hTCSUchlfWSe3uLmlPfigevRItzQ=="
    },
    "google-sheet-database": {
      "version": "1.0.1",
      "resolved": "https://registry.npmjs.org/google-sheet-database/-/google-sheet-database-1.0.1.tgz",
      "integrity": "sha512-aRx6g2ygNSQviULQDz0rXVkB+iKIhCWyWr4rzIt0EXPTHmHA6CuFcZgrT2Ko8wy8YNXOIaWqHVkTYzmXe7xHBw=="
    }
  }
}
